
Microsoft Visual Studio Solution File, Format Version 12.00
# Visual Studio Version 17
VisualStudioVersion = 17.5.33502.453
MinimumVisualStudioVersion = 10.0.40219.1
Project("{FAE04EC0-301F-11D3-BF4B-00C04F79EFBC}") = "EmployeePayrollAdo.Net", "EmployeePayrollAdo.Net.csproj", "{CAA88292-6CC1-4377-98C5-D8F6002024B0}"
EndProject
Global
	GlobalSection(SolutionConfigurationPlatforms) = preSolution
		Debug|Any CPU = Debug|Any CPU
		Release|Any CPU = Release|Any CPU
	EndGlobalSection
	GlobalSection(ProjectConfigurationPlatforms) = postSolution
		{CAA88292-6CC1-4377-98C5-D8F6002024B0}.Debug|Any CPU.ActiveCfg = Debug|Any CPU
		{CAA88292-6CC1-4377-98C5-D8F6002024B0}.Debug|Any CPU.Build.0 = Debug|Any CPU
		{CAA88292-6CC1-4377-98C5-D8F6002024B0}.Release|Any CPU.ActiveCfg = Release|Any CPU
		{CAA88292-6CC1-4377-98C5-D8F6002024B0}.Release|Any CPU.Build.0 = Release|Any CPU
	EndGlobalSection
	GlobalSection(SolutionProperties) = preSolution
		HideSolutionNode = FALSE
	EndGlobalSection
	GlobalSection(ExtensibilityGlobals) = postSolution
		SolutionGuid = {DDA135BE-BE29-4845-8E08-40B9CAEB4927}
	EndGlobalSection
EndGlobal
